
Microsoft Visual Studio Solution File, Format Version 12.00
# Visual Studio Version 16
VisualStudioVersion = 16.0.30413.136
MinimumVisualStudioVersion = 10.0.40219.1
Project("{FAE04EC0-301F-11D3-BF4B-00C04F79EFBC}") = "WebBrowser.UI", "WebBrowser.UI\WebBrowser.UI.csproj", "{8F26ECBD-7441-4A1B-AEA2-842A2A528712}"
	ProjectSection(ProjectDependencies) = postProject
		{E7A68BE7-8334-4CF0-8D1F-4123BFA4E863} = {E7A68BE7-8334-4CF0-8D1F-4123BFA4E863}
	EndProjectSection
EndProject
Project("{FAE04EC0-301F-11D3-BF4B-00C04F79EFBC}") = "WebBrowser.Logic", "WebBrowser.Logic\WebBrowser.Logic.csproj", "{E7A68BE7-8334-4CF0-8D1F-4123BFA4E863}"
	ProjectSection(ProjectDependencies) = postProject
		{B2D4F522-A2E7-40E3-AE9A-71C7437AA7C5} = {B2D4F522-A2E7-40E3-AE9A-71C7437AA7C5}
	EndProjectSection
EndProject
Project("{FAE04EC0-301F-11D3-BF4B-00C04F79EFBC}") = "WebBrowser.Data", "WebBrowser.Data\WebBrowser.Data.csproj", "{B2D4F522-A2E7-40E3-AE9A-71C7437AA7C5}"
EndProject
Global
	GlobalSection(SolutionConfigurationPlatforms) = preSolution
		Debug|Any CPU = Debug|Any CPU
		Release|Any CPU = Release|Any CPU
	EndGlobalSection
	GlobalSection(ProjectConfigurationPlatforms) = postSolution
		{8F26ECBD-7441-4A1B-AEA2-842A2A528712}.Debug|Any CPU.ActiveCfg = Debug|Any CPU
		{8F26ECBD-7441-4A1B-AEA2-842A2A528712}.Debug|Any CPU.Build.0 = Debug|Any CPU
		{8F26ECBD-7441-4A1B-AEA2-842A2A528712}.Release|Any CPU.ActiveCfg = Release|Any CPU
		{8F26ECBD-7441-4A1B-AEA2-842A2A528712}.Release|Any CPU.Build.0 = Release|Any CPU
		{E7A68BE7-8334-4CF0-8D1F-4123BFA4E863}.Debug|Any CPU.ActiveCfg = Debug|Any CPU
		{E7A68BE7-8334-4CF0-8D1F-4123BFA4E863}.Debug|Any CPU.Build.0 = Debug|Any CPU
		{E7A68BE7-8334-4CF0-8D1F-4123BFA4E863}.Release|Any CPU.ActiveCfg = Release|Any CPU
		{E7A68BE7-8334-4CF0-8D1F-4123BFA4E863}.Release|Any CPU.Build.0 = Release|Any CPU
		{B2D4F522-A2E7-40E3-AE9A-71C7437AA7C5}.Debug|Any CPU.ActiveCfg = Debug|Any CPU
		{B2D4F522-A2E7-40E3-AE9A-71C7437AA7C5}.Debug|Any CPU.Build.0 = Debug|Any CPU
		{B2D4F522-A2E7-40E3-AE9A-71C7437AA7C5}.Release|Any CPU.ActiveCfg = Release|Any CPU
		{B2D4F522-A2E7-40E3-AE9A-71C7437AA7C5}.Release|Any CPU.Build.0 = Release|Any CPU
	EndGlobalSection
	GlobalSection(SolutionProperties) = preSolution
		HideSolutionNode = FALSE
	EndGlobalSection
	GlobalSection(ExtensibilityGlobals) = postSolution
		SolutionGuid = {7BE96612-BCAE-4A5C-BFF7-EE81778747A7}
	EndGlobalSection
EndGlobal
